
Microsoft Visual Studio Solution File, Format Version 12.00
# Visual Studio 15
VisualStudioVersion = 15.0.26730.16
MinimumVisualStudioVersion = 10.0.40219.1
Project("{FAE04EC0-301F-11D3-BF4B-00C04F79EFBC}") = "lab36_miya", "lab36_miya\lab36_miya.csproj", "{6318EDC0-A9FF-447B-9E9B-EDBD7ADDA9B7}"
EndProject
Project("{2150E333-8FDC-42A3-9474-1A3956D46DE8}") = "Tests", "Tests", "{CDB028A1-148D-48E2-BFA8-3514CDD610C6}"
EndProject
Project("{FAE04EC0-301F-11D3-BF4B-00C04F79EFBC}") = "XUnitTestProject1", "XUnitTestProject1\XUnitTestProject1.csproj", "{B0E5444B-4F69-4321-BA74-A1069639C3D4}"
EndProject
Global
	GlobalSection(SolutionConfigurationPlatforms) = preSolution
		Debug|Any CPU = Debug|Any CPU
		Release|Any CPU = Release|Any CPU
	EndGlobalSection
	GlobalSection(ProjectConfigurationPlatforms) = postSolution
		{6318EDC0-A9FF-447B-9E9B-EDBD7ADDA9B7}.Debug|Any CPU.ActiveCfg = Debug|Any CPU
		{6318EDC0-A9FF-447B-9E9B-EDBD7ADDA9B7}.Debug|Any CPU.Build.0 = Debug|Any CPU
		{6318EDC0-A9FF-447B-9E9B-EDBD7ADDA9B7}.Release|Any CPU.ActiveCfg = Release|Any CPU
		{6318EDC0-A9FF-447B-9E9B-EDBD7ADDA9B7}.Release|Any CPU.Build.0 = Release|Any CPU
		{B0E5444B-4F69-4321-BA74-A1069639C3D4}.Debug|Any CPU.ActiveCfg = Debug|Any CPU
		{B0E5444B-4F69-4321-BA74-A1069639C3D4}.Debug|Any CPU.Build.0 = Debug|Any CPU
		{B0E5444B-4F69-4321-BA74-A1069639C3D4}.Release|Any CPU.ActiveCfg = Release|Any CPU
		{B0E5444B-4F69-4321-BA74-A1069639C3D4}.Release|Any CPU.Build.0 = Release|Any CPU
	EndGlobalSection
	GlobalSection(SolutionProperties) = preSolution
		HideSolutionNode = FALSE
	EndGlobalSection
	GlobalSection(NestedProjects) = preSolution
		{B0E5444B-4F69-4321-BA74-A1069639C3D4} = {CDB028A1-148D-48E2-BFA8-3514CDD610C6}
	EndGlobalSection
	GlobalSection(ExtensibilityGlobals) = postSolution
		SolutionGuid = {7CC6DBDD-1A4F-4241-AD44-035ABE5389A4}
	EndGlobalSection
EndGlobal
